
Microsoft Visual Studio Solution File, Format Version 12.00
# Visual Studio 15
VisualStudioVersion = 15.0.26124.0
MinimumVisualStudioVersion = 15.0.26124.0
Project("{2150E333-8FDC-42A3-9474-1A3956D46DE8}") = "Building Blocks", "Building Blocks", "{8A23DEA0-11ED-11EB-863D-27275C3B518C}"
EndProject
Project("{FAE04EC0-301F-11D3-BF4B-00C04F79EFBC}") = "Hydra.Core", "..\hydra-core\dotnet3.1\Hydra.Core\Hydra.Core.csproj", "{6D294B16-46AE-4A1F-9CCC-0005992019EC}"
EndProject
Project("{FAE04EC0-301F-11D3-BF4B-00C04F79EFBC}") = "Hydra.WebAPI.Core", "..\hydra-core\dotnet3.1\Hydra.WebAPI.Core\Hydra.WebAPI.Core.csproj", "{3E576D28-A5EC-416C-AEDD-E2101CD949AC}"
EndProject
Project("{FAE04EC0-301F-11D3-BF4B-00C04F79EFBC}") = "Hydra.Order.API", "Hydra.Order.API\Hydra.Order.API.csproj", "{62173E22-A881-4442-A405-CF7656ED57E9}"
EndProject
Project("{FAE04EC0-301F-11D3-BF4B-00C04F79EFBC}") = "Hydra.Order.Data", "Hydra.Order.Data\Hydra.Order.Data.csproj", "{4531D6A4-9C55-4473-ADE3-2F29919B2ECF}"
EndProject
Project("{FAE04EC0-301F-11D3-BF4B-00C04F79EFBC}") = "Hydra.Order.Domain", "Hydra.Order.Domain\Hydra.Order.Domain.csproj", "{FD49301E-DB84-4AA6-BB82-502F88E82B56}"
EndProject
Project("{FAE04EC0-301F-11D3-BF4B-00C04F79EFBC}") = "Hydra.Core.MessageBus", "..\hydra-core\dotnet3.1\Hydra.Core.MessageBus\Hydra.Core.MessageBus.csproj", "{62DF90A5-2FD8-410F-9614-E027EB0FF140}"
EndProject
Global
	GlobalSection(SolutionConfigurationPlatforms) = preSolution
		Debug|Any CPU = Debug|Any CPU
		Debug|x64 = Debug|x64
		Debug|x86 = Debug|x86
		Release|Any CPU = Release|Any CPU
		Release|x64 = Release|x64
		Release|x86 = Release|x86
	EndGlobalSection
	GlobalSection(SolutionProperties) = preSolution
		HideSolutionNode = FALSE
	EndGlobalSection
	GlobalSection(ProjectConfigurationPlatforms) = postSolution
		{6D294B16-46AE-4A1F-9CCC-0005992019EC}.Debug|Any CPU.ActiveCfg = Debug|Any CPU
		{6D294B16-46AE-4A1F-9CCC-0005992019EC}.Debug|Any CPU.Build.0 = Debug|Any CPU
		{6D294B16-46AE-4A1F-9CCC-0005992019EC}.Debug|x64.ActiveCfg = Debug|Any CPU
		{6D294B16-46AE-4A1F-9CCC-0005992019EC}.Debug|x64.Build.0 = Debug|Any CPU
		{6D294B16-46AE-4A1F-9CCC-0005992019EC}.Debug|x86.ActiveCfg = Debug|Any CPU
		{6D294B16-46AE-4A1F-9CCC-0005992019EC}.Debug|x86.Build.0 = Debug|Any CPU
		{6D294B16-46AE-4A1F-9CCC-0005992019EC}.Release|Any CPU.ActiveCfg = Release|Any CPU
		{6D294B16-46AE-4A1F-9CCC-0005992019EC}.Release|Any CPU.Build.0 = Release|Any CPU
		{6D294B16-46AE-4A1F-9CCC-0005992019EC}.Release|x64.ActiveCfg = Release|Any CPU
		{6D294B16-46AE-4A1F-9CCC-0005992019EC}.Release|x64.Build.0 = Release|Any CPU
		{6D294B16-46AE-4A1F-9CCC-0005992019EC}.Release|x86.ActiveCfg = Release|Any CPU
		{6D294B16-46AE-4A1F-9CCC-0005992019EC}.Release|x86.Build.0 = Release|Any CPU
		{3E576D28-A5EC-416C-AEDD-E2101CD949AC}.Debug|Any CPU.ActiveCfg = Debug|Any CPU
		{3E576D28-A5EC-416C-AEDD-E2101CD949AC}.Debug|Any CPU.Build.0 = Debug|Any CPU
		{3E576D28-A5EC-416C-AEDD-E2101CD949AC}.Debug|x64.ActiveCfg = Debug|Any CPU
		{3E576D28-A5EC-416C-AEDD-E2101CD949AC}.Debug|x64.Build.0 = Debug|Any CPU
		{3E576D28-A5EC-416C-AEDD-E2101CD949AC}.Debug|x86.ActiveCfg = Debug|Any CPU
		{3E576D28-A5EC-416C-AEDD-E2101CD949AC}.Debug|x86.Build.0 = Debug|Any CPU
		{3E576D28-A5EC-416C-AEDD-E2101CD949AC}.Release|Any CPU.ActiveCfg = Release|Any CPU
		{3E576D28-A5EC-416C-AEDD-E2101CD949AC}.Release|Any CPU.Build.0 = Release|Any CPU
		{3E576D28-A5EC-416C-AEDD-E2101CD949AC}.Release|x64.ActiveCfg = Release|Any CPU
		{3E576D28-A5EC-416C-AEDD-E2101CD949AC}.Release|x64.Build.0 = Release|Any CPU
		{3E576D28-A5EC-416C-AEDD-E2101CD949AC}.Release|x86.ActiveCfg = Release|Any CPU
		{3E576D28-A5EC-416C-AEDD-E2101CD949AC}.Release|x86.Build.0 = Release|Any CPU
		{62173E22-A881-4442-A405-CF7656ED57E9}.Debug|Any CPU.ActiveCfg = Debug|Any CPU
		{62173E22-A881-4442-A405-CF7656ED57E9}.Debug|Any CPU.Build.0 = Debug|Any CPU
		{62173E22-A881-4442-A405-CF7656ED57E9}.Debug|x64.ActiveCfg = Debug|Any CPU
		{62173E22-A881-4442-A405-CF7656ED57E9}.Debug|x64.Build.0 = Debug|Any CPU
		{62173E22-A881-4442-A405-CF7656ED57E9}.Debug|x86.ActiveCfg = Debug|Any CPU
		{62173E22-A881-4442-A405-CF7656ED57E9}.Debug|x86.Build.0 = Debug|Any CPU
		{62173E22-A881-4442-A405-CF7656ED57E9}.Release|Any CPU.ActiveCfg = Release|Any CPU
		{62173E22-A881-4442-A405-CF7656ED57E9}.Release|Any CPU.Build.0 = Release|Any CPU
		{62173E22-A881-4442-A405-CF7656ED57E9}.Release|x64.ActiveCfg = Release|Any CPU
		{62173E22-A881-4442-A405-CF7656ED57E9}.Release|x64.Build.0 = Release|Any CPU
		{62173E22-A881-4442-A405-CF7656ED57E9}.Release|x86.ActiveCfg = Release|Any CPU
		{62173E22-A881-4442-A405-CF7656ED57E9}.Release|x86.Build.0 = Release|Any CPU
		{4531D6A4-9C55-4473-ADE3-2F29919B2ECF}.Debug|Any CPU.ActiveCfg = Debug|Any CPU
		{4531D6A4-9C55-4473-ADE3-2F29919B2ECF}.Debug|Any CPU.Build.0 = Debug|Any CPU
		{4531D6A4-9C55-4473-ADE3-2F29919B2ECF}.Debug|x64.ActiveCfg = Debug|Any CPU
		{4531D6A4-9C55-4473-ADE3-2F29919B2ECF}.Debug|x64.Build.0 = Debug|Any CPU
		{4531D6A4-9C55-4473-ADE3-2F29919B2ECF}.Debug|x86.ActiveCfg = Debug|Any CPU
		{4531D6A4-9C55-4473-ADE3-2F29919B2ECF}.Debug|x86.Build.0 = Debug|Any CPU
		{4531D6A4-9C55-4473-ADE3-2F29919B2ECF}.Release|Any CPU.ActiveCfg = Release|Any CPU
		{4531D6A4-9C55-4473-ADE3-2F29919B2ECF}.Release|Any CPU.Build.0 = Release|Any CPU
		{4531D6A4-9C55-4473-ADE3-2F29919B2ECF}.Release|x64.ActiveCfg = Release|Any CPU
		{4531D6A4-9C55-4473-ADE3-2F29919B2ECF}.Release|x64.Build.0 = Release|Any CPU
		{4531D6A4-9C55-4473-ADE3-2F29919B2ECF}.Release|x86.ActiveCfg = Release|Any CPU
		{4531D6A4-9C55-4473-ADE3-2F29919B2ECF}.Release|x86.Build.0 = Release|Any CPU
		{FD49301E-DB84-4AA6-BB82-502F88E82B56}.Debug|Any CPU.ActiveCfg = Debug|Any CPU
		{FD49301E-DB84-4AA6-BB82-502F88E82B56}.Debug|Any CPU.Build.0 = Debug|Any CPU
		{FD49301E-DB84-4AA6-BB82-502F88E82B56}.Debug|x64.ActiveCfg = Debug|Any CPU
		{FD49301E-DB84-4AA6-BB82-502F88E82B56}.Debug|x64.Build.0 = Debug|Any CPU
		{FD49301E-DB84-4AA6-BB82-502F88E82B56}.Debug|x86.ActiveCfg = Debug|Any CPU
		{FD49301E-DB84-4AA6-BB82-502F88E82B56}.Debug|x86.Build.0 = Debug|Any CPU
		{FD49301E-DB84-4AA6-BB82-502F88E82B56}.Release|Any CPU.ActiveCfg = Release|Any CPU
		{FD49301E-DB84-4AA6-BB82-502F88E82B56}.Release|Any CPU.Build.0 = Release|Any CPU
		{FD49301E-DB84-4AA6-BB82-502F88E82B56}.Release|x64.ActiveCfg = Release|Any CPU
		{FD49301E-DB84-4AA6-BB82-502F88E82B56}.Release|x64.Build.0 = Release|Any CPU
		{FD49301E-DB84-4AA6-BB82-502F88E82B56}.Release|x86.ActiveCfg = Release|Any CPU
		{FD49301E-DB84-4AA6-BB82-502F88E82B56}.Release|x86.Build.0 = Release|Any CPU
		{62DF90A5-2FD8-410F-9614-E027EB0FF140}.Debug|Any CPU.ActiveCfg = Debug|Any CPU
		{62DF90A5-2FD8-410F-9614-E027EB0FF140}.Debug|Any CPU.Build.0 = Debug|Any CPU
		{62DF90A5-2FD8-410F-9614-E027EB0FF140}.Debug|x64.ActiveCfg = Debug|Any CPU
		{62DF90A5-2FD8-410F-9614-E027EB0FF140}.Debug|x64.Build.0 = Debug|Any CPU
		{62DF90A5-2FD8-410F-9614-E027EB0FF140}.Debug|x86.ActiveCfg = Debug|Any CPU
		{62DF90A5-2FD8-410F-9614-E027EB0FF140}.Debug|x86.Build.0 = Debug|Any CPU
		{62DF90A5-2FD8-410F-9614-E027EB0FF140}.Release|Any CPU.ActiveCfg = Release|Any CPU
		{62DF90A5-2FD8-410F-9614-E027EB0FF140}.Release|Any CPU.Build.0 = Release|Any CPU
		{62DF90A5-2FD8-410F-9614-E027EB0FF140}.Release|x64.ActiveCfg = Release|Any CPU
		{62DF90A5-2FD8-410F-9614-E027EB0FF140}.Release|x64.Build.0 = Release|Any CPU
		{62DF90A5-2FD8-410F-9614-E027EB0FF140}.Release|x86.ActiveCfg = Release|Any CPU
		{62DF90A5-2FD8-410F-9614-E027EB0FF140}.Release|x86.Build.0 = Release|Any CPU
	EndGlobalSection
	GlobalSection(NestedProjects) = preSolution
		{62DF90A5-2FD8-410F-9614-E027EB0FF140} = {8A23DEA0-11ED-11EB-863D-27275C3B518C}
		{3E576D28-A5EC-416C-AEDD-E2101CD949AC} = {8A23DEA0-11ED-11EB-863D-27275C3B518C}
		{6D294B16-46AE-4A1F-9CCC-0005992019EC} = {8A23DEA0-11ED-11EB-863D-27275C3B518C}
	EndGlobalSection
EndGlobal
