
Microsoft Visual Studio Solution File, Format Version 12.00
# Visual Studio 15
VisualStudioVersion = 15.0.26124.0
MinimumVisualStudioVersion = 15.0.26124.0
Project("{FAE04EC0-301F-11D3-BF4B-00C04F79EFBC}") = "Hydra.Order.API", "Hydra.Order.API\Hydra.Order.API.csproj", "{43EF6A3C-64B4-489F-A23C-F467A7EBB2D9}"
EndProject
Project("{FAE04EC0-301F-11D3-BF4B-00C04F79EFBC}") = "Hydra.Order.Application", "Hydra.Order.Application\Hydra.Order.Application.csproj", "{71368879-65EF-4ACF-8C10-8625EC706F5F}"
EndProject
Project("{FAE04EC0-301F-11D3-BF4B-00C04F79EFBC}") = "Hydra.Order.Domain", "Hydra.Order.Domain\Hydra.Order.Domain.csproj", "{B0D4F755-F088-4D19-90B4-2F3FFE9493CF}"
EndProject
Project("{FAE04EC0-301F-11D3-BF4B-00C04F79EFBC}") = "Hydra.Order.Data", "Hydra.Order.Data\Hydra.Order.Data.csproj", "{59422C7C-5866-40D5-B2C5-0168F0770633}"
EndProject
Project("{2150E333-8FDC-42A3-9474-1A3956D46DE8}") = "02-UnitTests", "01-UnitTests", "{70AEA756-42AD-49C5-B77F-63912F2D734C}"
EndProject
Project("{FAE04EC0-301F-11D3-BF4B-00C04F79EFBC}") = "Hydra.Order.Application.Tests", "02-UnitTests\Hydra.Order.Application.Tests\Hydra.Order.Application.Tests.csproj", "{EB659607-5CEE-4D0D-8282-C11A68BE3F6C}"
EndProject
Project("{FAE04EC0-301F-11D3-BF4B-00C04F79EFBC}") = "Hydra.Order.Domain.Tests", "02-UnitTests\Hydra.Order.Domain.Tests\Hydra.Order.Domain.Tests.csproj", "{5F218E77-C56A-461F-A69D-5DE74D7F6420}"
EndProject
Project("{FAE04EC0-301F-11D3-BF4B-00C04F79EFBC}") = "Hydra.Core", "..\hydra-core\Hydra.Core\Hydra.Core.csproj", "{A2152B62-CED5-4F16-B0F5-34304F23EF3E}"
EndProject
Project("{2150E333-8FDC-42A3-9474-1A3956D46DE8}") = "03-IntegrationTests", "03-IntegrationTests", "{ACC36B78-72DA-4B0A-806D-BC1111E78D4A}"
EndProject
Project("{FAE04EC0-301F-11D3-BF4B-00C04F79EFBC}") = "Hydra.Order.API.Tests", "03-IntegrationTests\Hydra.Order.API.Tests\Hydra.Order.API.Tests.csproj", "{DD23227C-5136-4513-9DE7-631691745356}"
EndProject
Project("{FAE04EC0-301F-11D3-BF4B-00C04F79EFBC}") = "Hydra.EventSourcing", "..\hydra-eventsourcing\Hydra.EventSourcing\Hydra.EventSourcing.csproj", "{8CAD808B-71E1-44CE-8DAA-70BA147C7D20}"
EndProject
Project("{2150E333-8FDC-42A3-9474-1A3956D46DE8}") = "01-BDD", "01-BDD", "{D97535FA-8733-4062-BF4A-923B8E302F0C}"
EndProject
Project("{FAE04EC0-301F-11D3-BF4B-00C04F79EFBC}") = "Hydra.BDD.Tests", "01-BDD\Hydra.BDD.Tests\Hydra.BDD.Tests.csproj", "{560EF048-0D77-4486-A8F2-AF69DB735723}"
EndProject
Project("{2150E333-8FDC-42A3-9474-1A3956D46DE8}") = "Building Blocks", "Building Blocks", "{31C8FDC0-11E9-11EB-956A-C11CA5F21E6F}"
EndProject
Project("{2150E333-8FDC-42A3-9474-1A3956D46DE8}") = "Tests", "Tests", "{4F46BC20-11E9-11EB-956A-C11CA5F21E6F}"
EndProject
Project("{FAE04EC0-301F-11D3-BF4B-00C04F79EFBC}") = "Hydra.Tests.Core", "..\hydra-tests-core\Hydra.Tests.Core\Hydra.Tests.Core.csproj", "{DDCE1E81-96A8-4D2B-906D-34A645DD0115}"
EndProject
Project("{FAE04EC0-301F-11D3-BF4B-00C04F79EFBC}") = "Hydra.WebAPI.Core", "..\hydra-core\Hydra.WebAPI.Core\Hydra.WebAPI.Core.csproj", "{14745C86-439B-4965-AD7F-4A493F9E3D83}"
EndProject
Global
	GlobalSection(SolutionConfigurationPlatforms) = preSolution
		Debug|Any CPU = Debug|Any CPU
		Debug|x64 = Debug|x64
		Debug|x86 = Debug|x86
		Release|Any CPU = Release|Any CPU
		Release|x64 = Release|x64
		Release|x86 = Release|x86
	EndGlobalSection
	GlobalSection(SolutionProperties) = preSolution
		HideSolutionNode = FALSE
	EndGlobalSection
	GlobalSection(ProjectConfigurationPlatforms) = postSolution
		{43EF6A3C-64B4-489F-A23C-F467A7EBB2D9}.Debug|Any CPU.ActiveCfg = Debug|Any CPU
		{43EF6A3C-64B4-489F-A23C-F467A7EBB2D9}.Debug|Any CPU.Build.0 = Debug|Any CPU
		{43EF6A3C-64B4-489F-A23C-F467A7EBB2D9}.Debug|x64.ActiveCfg = Debug|Any CPU
		{43EF6A3C-64B4-489F-A23C-F467A7EBB2D9}.Debug|x64.Build.0 = Debug|Any CPU
		{43EF6A3C-64B4-489F-A23C-F467A7EBB2D9}.Debug|x86.ActiveCfg = Debug|Any CPU
		{43EF6A3C-64B4-489F-A23C-F467A7EBB2D9}.Debug|x86.Build.0 = Debug|Any CPU
		{43EF6A3C-64B4-489F-A23C-F467A7EBB2D9}.Release|Any CPU.ActiveCfg = Release|Any CPU
		{43EF6A3C-64B4-489F-A23C-F467A7EBB2D9}.Release|Any CPU.Build.0 = Release|Any CPU
		{43EF6A3C-64B4-489F-A23C-F467A7EBB2D9}.Release|x64.ActiveCfg = Release|Any CPU
		{43EF6A3C-64B4-489F-A23C-F467A7EBB2D9}.Release|x64.Build.0 = Release|Any CPU
		{43EF6A3C-64B4-489F-A23C-F467A7EBB2D9}.Release|x86.ActiveCfg = Release|Any CPU
		{43EF6A3C-64B4-489F-A23C-F467A7EBB2D9}.Release|x86.Build.0 = Release|Any CPU
		{71368879-65EF-4ACF-8C10-8625EC706F5F}.Debug|Any CPU.ActiveCfg = Debug|Any CPU
		{71368879-65EF-4ACF-8C10-8625EC706F5F}.Debug|Any CPU.Build.0 = Debug|Any CPU
		{71368879-65EF-4ACF-8C10-8625EC706F5F}.Debug|x64.ActiveCfg = Debug|Any CPU
		{71368879-65EF-4ACF-8C10-8625EC706F5F}.Debug|x64.Build.0 = Debug|Any CPU
		{71368879-65EF-4ACF-8C10-8625EC706F5F}.Debug|x86.ActiveCfg = Debug|Any CPU
		{71368879-65EF-4ACF-8C10-8625EC706F5F}.Debug|x86.Build.0 = Debug|Any CPU
		{71368879-65EF-4ACF-8C10-8625EC706F5F}.Release|Any CPU.ActiveCfg = Release|Any CPU
		{71368879-65EF-4ACF-8C10-8625EC706F5F}.Release|Any CPU.Build.0 = Release|Any CPU
		{71368879-65EF-4ACF-8C10-8625EC706F5F}.Release|x64.ActiveCfg = Release|Any CPU
		{71368879-65EF-4ACF-8C10-8625EC706F5F}.Release|x64.Build.0 = Release|Any CPU
		{71368879-65EF-4ACF-8C10-8625EC706F5F}.Release|x86.ActiveCfg = Release|Any CPU
		{71368879-65EF-4ACF-8C10-8625EC706F5F}.Release|x86.Build.0 = Release|Any CPU
		{B0D4F755-F088-4D19-90B4-2F3FFE9493CF}.Debug|Any CPU.ActiveCfg = Debug|Any CPU
		{B0D4F755-F088-4D19-90B4-2F3FFE9493CF}.Debug|Any CPU.Build.0 = Debug|Any CPU
		{B0D4F755-F088-4D19-90B4-2F3FFE9493CF}.Debug|x64.ActiveCfg = Debug|Any CPU
		{B0D4F755-F088-4D19-90B4-2F3FFE9493CF}.Debug|x64.Build.0 = Debug|Any CPU
		{B0D4F755-F088-4D19-90B4-2F3FFE9493CF}.Debug|x86.ActiveCfg = Debug|Any CPU
		{B0D4F755-F088-4D19-90B4-2F3FFE9493CF}.Debug|x86.Build.0 = Debug|Any CPU
		{B0D4F755-F088-4D19-90B4-2F3FFE9493CF}.Release|Any CPU.ActiveCfg = Release|Any CPU
		{B0D4F755-F088-4D19-90B4-2F3FFE9493CF}.Release|Any CPU.Build.0 = Release|Any CPU
		{B0D4F755-F088-4D19-90B4-2F3FFE9493CF}.Release|x64.ActiveCfg = Release|Any CPU
		{B0D4F755-F088-4D19-90B4-2F3FFE9493CF}.Release|x64.Build.0 = Release|Any CPU
		{B0D4F755-F088-4D19-90B4-2F3FFE9493CF}.Release|x86.ActiveCfg = Release|Any CPU
		{B0D4F755-F088-4D19-90B4-2F3FFE9493CF}.Release|x86.Build.0 = Release|Any CPU
		{59422C7C-5866-40D5-B2C5-0168F0770633}.Debug|Any CPU.ActiveCfg = Debug|Any CPU
		{59422C7C-5866-40D5-B2C5-0168F0770633}.Debug|Any CPU.Build.0 = Debug|Any CPU
		{59422C7C-5866-40D5-B2C5-0168F0770633}.Debug|x64.ActiveCfg = Debug|Any CPU
		{59422C7C-5866-40D5-B2C5-0168F0770633}.Debug|x64.Build.0 = Debug|Any CPU
		{59422C7C-5866-40D5-B2C5-0168F0770633}.Debug|x86.ActiveCfg = Debug|Any CPU
		{59422C7C-5866-40D5-B2C5-0168F0770633}.Debug|x86.Build.0 = Debug|Any CPU
		{59422C7C-5866-40D5-B2C5-0168F0770633}.Release|Any CPU.ActiveCfg = Release|Any CPU
		{59422C7C-5866-40D5-B2C5-0168F0770633}.Release|Any CPU.Build.0 = Release|Any CPU
		{59422C7C-5866-40D5-B2C5-0168F0770633}.Release|x64.ActiveCfg = Release|Any CPU
		{59422C7C-5866-40D5-B2C5-0168F0770633}.Release|x64.Build.0 = Release|Any CPU
		{59422C7C-5866-40D5-B2C5-0168F0770633}.Release|x86.ActiveCfg = Release|Any CPU
		{59422C7C-5866-40D5-B2C5-0168F0770633}.Release|x86.Build.0 = Release|Any CPU
		{EB659607-5CEE-4D0D-8282-C11A68BE3F6C}.Debug|Any CPU.ActiveCfg = Debug|Any CPU
		{EB659607-5CEE-4D0D-8282-C11A68BE3F6C}.Debug|Any CPU.Build.0 = Debug|Any CPU
		{EB659607-5CEE-4D0D-8282-C11A68BE3F6C}.Debug|x64.ActiveCfg = Debug|Any CPU
		{EB659607-5CEE-4D0D-8282-C11A68BE3F6C}.Debug|x64.Build.0 = Debug|Any CPU
		{EB659607-5CEE-4D0D-8282-C11A68BE3F6C}.Debug|x86.ActiveCfg = Debug|Any CPU
		{EB659607-5CEE-4D0D-8282-C11A68BE3F6C}.Debug|x86.Build.0 = Debug|Any CPU
		{EB659607-5CEE-4D0D-8282-C11A68BE3F6C}.Release|Any CPU.ActiveCfg = Release|Any CPU
		{EB659607-5CEE-4D0D-8282-C11A68BE3F6C}.Release|Any CPU.Build.0 = Release|Any CPU
		{EB659607-5CEE-4D0D-8282-C11A68BE3F6C}.Release|x64.ActiveCfg = Release|Any CPU
		{EB659607-5CEE-4D0D-8282-C11A68BE3F6C}.Release|x64.Build.0 = Release|Any CPU
		{EB659607-5CEE-4D0D-8282-C11A68BE3F6C}.Release|x86.ActiveCfg = Release|Any CPU
		{EB659607-5CEE-4D0D-8282-C11A68BE3F6C}.Release|x86.Build.0 = Release|Any CPU
		{5F218E77-C56A-461F-A69D-5DE74D7F6420}.Debug|Any CPU.ActiveCfg = Debug|Any CPU
		{5F218E77-C56A-461F-A69D-5DE74D7F6420}.Debug|Any CPU.Build.0 = Debug|Any CPU
		{5F218E77-C56A-461F-A69D-5DE74D7F6420}.Debug|x64.ActiveCfg = Debug|Any CPU
		{5F218E77-C56A-461F-A69D-5DE74D7F6420}.Debug|x64.Build.0 = Debug|Any CPU
		{5F218E77-C56A-461F-A69D-5DE74D7F6420}.Debug|x86.ActiveCfg = Debug|Any CPU
		{5F218E77-C56A-461F-A69D-5DE74D7F6420}.Debug|x86.Build.0 = Debug|Any CPU
		{5F218E77-C56A-461F-A69D-5DE74D7F6420}.Release|Any CPU.ActiveCfg = Release|Any CPU
		{5F218E77-C56A-461F-A69D-5DE74D7F6420}.Release|Any CPU.Build.0 = Release|Any CPU
		{5F218E77-C56A-461F-A69D-5DE74D7F6420}.Release|x64.ActiveCfg = Release|Any CPU
		{5F218E77-C56A-461F-A69D-5DE74D7F6420}.Release|x64.Build.0 = Release|Any CPU
		{5F218E77-C56A-461F-A69D-5DE74D7F6420}.Release|x86.ActiveCfg = Release|Any CPU
		{5F218E77-C56A-461F-A69D-5DE74D7F6420}.Release|x86.Build.0 = Release|Any CPU
		{93F81CF8-87BA-4B81-B853-23BD8BC56B69}.Debug|Any CPU.ActiveCfg = Debug|Any CPU
		{93F81CF8-87BA-4B81-B853-23BD8BC56B69}.Debug|Any CPU.Build.0 = Debug|Any CPU
		{93F81CF8-87BA-4B81-B853-23BD8BC56B69}.Debug|x64.ActiveCfg = Debug|Any CPU
		{93F81CF8-87BA-4B81-B853-23BD8BC56B69}.Debug|x64.Build.0 = Debug|Any CPU
		{93F81CF8-87BA-4B81-B853-23BD8BC56B69}.Debug|x86.ActiveCfg = Debug|Any CPU
		{93F81CF8-87BA-4B81-B853-23BD8BC56B69}.Debug|x86.Build.0 = Debug|Any CPU
		{93F81CF8-87BA-4B81-B853-23BD8BC56B69}.Release|Any CPU.ActiveCfg = Release|Any CPU
		{93F81CF8-87BA-4B81-B853-23BD8BC56B69}.Release|Any CPU.Build.0 = Release|Any CPU
		{93F81CF8-87BA-4B81-B853-23BD8BC56B69}.Release|x64.ActiveCfg = Release|Any CPU
		{93F81CF8-87BA-4B81-B853-23BD8BC56B69}.Release|x64.Build.0 = Release|Any CPU
		{93F81CF8-87BA-4B81-B853-23BD8BC56B69}.Release|x86.ActiveCfg = Release|Any CPU
		{93F81CF8-87BA-4B81-B853-23BD8BC56B69}.Release|x86.Build.0 = Release|Any CPU
		{A2152B62-CED5-4F16-B0F5-34304F23EF3E}.Debug|Any CPU.ActiveCfg = Debug|Any CPU
		{A2152B62-CED5-4F16-B0F5-34304F23EF3E}.Debug|Any CPU.Build.0 = Debug|Any CPU
		{A2152B62-CED5-4F16-B0F5-34304F23EF3E}.Debug|x64.ActiveCfg = Debug|Any CPU
		{A2152B62-CED5-4F16-B0F5-34304F23EF3E}.Debug|x64.Build.0 = Debug|Any CPU
		{A2152B62-CED5-4F16-B0F5-34304F23EF3E}.Debug|x86.ActiveCfg = Debug|Any CPU
		{A2152B62-CED5-4F16-B0F5-34304F23EF3E}.Debug|x86.Build.0 = Debug|Any CPU
		{A2152B62-CED5-4F16-B0F5-34304F23EF3E}.Release|Any CPU.ActiveCfg = Release|Any CPU
		{A2152B62-CED5-4F16-B0F5-34304F23EF3E}.Release|Any CPU.Build.0 = Release|Any CPU
		{A2152B62-CED5-4F16-B0F5-34304F23EF3E}.Release|x64.ActiveCfg = Release|Any CPU
		{A2152B62-CED5-4F16-B0F5-34304F23EF3E}.Release|x64.Build.0 = Release|Any CPU
		{A2152B62-CED5-4F16-B0F5-34304F23EF3E}.Release|x86.ActiveCfg = Release|Any CPU
		{A2152B62-CED5-4F16-B0F5-34304F23EF3E}.Release|x86.Build.0 = Release|Any CPU
		{DD23227C-5136-4513-9DE7-631691745356}.Debug|Any CPU.ActiveCfg = Debug|Any CPU
		{DD23227C-5136-4513-9DE7-631691745356}.Debug|Any CPU.Build.0 = Debug|Any CPU
		{DD23227C-5136-4513-9DE7-631691745356}.Debug|x64.ActiveCfg = Debug|Any CPU
		{DD23227C-5136-4513-9DE7-631691745356}.Debug|x64.Build.0 = Debug|Any CPU
		{DD23227C-5136-4513-9DE7-631691745356}.Debug|x86.ActiveCfg = Debug|Any CPU
		{DD23227C-5136-4513-9DE7-631691745356}.Debug|x86.Build.0 = Debug|Any CPU
		{DD23227C-5136-4513-9DE7-631691745356}.Release|Any CPU.ActiveCfg = Release|Any CPU
		{DD23227C-5136-4513-9DE7-631691745356}.Release|Any CPU.Build.0 = Release|Any CPU
		{DD23227C-5136-4513-9DE7-631691745356}.Release|x64.ActiveCfg = Release|Any CPU
		{DD23227C-5136-4513-9DE7-631691745356}.Release|x64.Build.0 = Release|Any CPU
		{DD23227C-5136-4513-9DE7-631691745356}.Release|x86.ActiveCfg = Release|Any CPU
		{DD23227C-5136-4513-9DE7-631691745356}.Release|x86.Build.0 = Release|Any CPU
		{8CAD808B-71E1-44CE-8DAA-70BA147C7D20}.Debug|Any CPU.ActiveCfg = Debug|Any CPU
		{8CAD808B-71E1-44CE-8DAA-70BA147C7D20}.Debug|Any CPU.Build.0 = Debug|Any CPU
		{8CAD808B-71E1-44CE-8DAA-70BA147C7D20}.Debug|x64.ActiveCfg = Debug|Any CPU
		{8CAD808B-71E1-44CE-8DAA-70BA147C7D20}.Debug|x64.Build.0 = Debug|Any CPU
		{8CAD808B-71E1-44CE-8DAA-70BA147C7D20}.Debug|x86.ActiveCfg = Debug|Any CPU
		{8CAD808B-71E1-44CE-8DAA-70BA147C7D20}.Debug|x86.Build.0 = Debug|Any CPU
		{8CAD808B-71E1-44CE-8DAA-70BA147C7D20}.Release|Any CPU.ActiveCfg = Release|Any CPU
		{8CAD808B-71E1-44CE-8DAA-70BA147C7D20}.Release|Any CPU.Build.0 = Release|Any CPU
		{8CAD808B-71E1-44CE-8DAA-70BA147C7D20}.Release|x64.ActiveCfg = Release|Any CPU
		{8CAD808B-71E1-44CE-8DAA-70BA147C7D20}.Release|x64.Build.0 = Release|Any CPU
		{8CAD808B-71E1-44CE-8DAA-70BA147C7D20}.Release|x86.ActiveCfg = Release|Any CPU
		{8CAD808B-71E1-44CE-8DAA-70BA147C7D20}.Release|x86.Build.0 = Release|Any CPU
		{6F35CFCB-2C35-42E6-A0AC-F6CBE46FEEC1}.Debug|Any CPU.ActiveCfg = Debug|Any CPU
		{6F35CFCB-2C35-42E6-A0AC-F6CBE46FEEC1}.Debug|Any CPU.Build.0 = Debug|Any CPU
		{6F35CFCB-2C35-42E6-A0AC-F6CBE46FEEC1}.Debug|x64.ActiveCfg = Debug|Any CPU
		{6F35CFCB-2C35-42E6-A0AC-F6CBE46FEEC1}.Debug|x64.Build.0 = Debug|Any CPU
		{6F35CFCB-2C35-42E6-A0AC-F6CBE46FEEC1}.Debug|x86.ActiveCfg = Debug|Any CPU
		{6F35CFCB-2C35-42E6-A0AC-F6CBE46FEEC1}.Debug|x86.Build.0 = Debug|Any CPU
		{6F35CFCB-2C35-42E6-A0AC-F6CBE46FEEC1}.Release|Any CPU.ActiveCfg = Release|Any CPU
		{6F35CFCB-2C35-42E6-A0AC-F6CBE46FEEC1}.Release|Any CPU.Build.0 = Release|Any CPU
		{6F35CFCB-2C35-42E6-A0AC-F6CBE46FEEC1}.Release|x64.ActiveCfg = Release|Any CPU
		{6F35CFCB-2C35-42E6-A0AC-F6CBE46FEEC1}.Release|x64.Build.0 = Release|Any CPU
		{6F35CFCB-2C35-42E6-A0AC-F6CBE46FEEC1}.Release|x86.ActiveCfg = Release|Any CPU
		{6F35CFCB-2C35-42E6-A0AC-F6CBE46FEEC1}.Release|x86.Build.0 = Release|Any CPU
		{560EF048-0D77-4486-A8F2-AF69DB735723}.Debug|Any CPU.ActiveCfg = Debug|Any CPU
		{560EF048-0D77-4486-A8F2-AF69DB735723}.Debug|Any CPU.Build.0 = Debug|Any CPU
		{560EF048-0D77-4486-A8F2-AF69DB735723}.Debug|x64.ActiveCfg = Debug|Any CPU
		{560EF048-0D77-4486-A8F2-AF69DB735723}.Debug|x64.Build.0 = Debug|Any CPU
		{560EF048-0D77-4486-A8F2-AF69DB735723}.Debug|x86.ActiveCfg = Debug|Any CPU
		{560EF048-0D77-4486-A8F2-AF69DB735723}.Debug|x86.Build.0 = Debug|Any CPU
		{560EF048-0D77-4486-A8F2-AF69DB735723}.Release|Any CPU.ActiveCfg = Release|Any CPU
		{560EF048-0D77-4486-A8F2-AF69DB735723}.Release|Any CPU.Build.0 = Release|Any CPU
		{560EF048-0D77-4486-A8F2-AF69DB735723}.Release|x64.ActiveCfg = Release|Any CPU
		{560EF048-0D77-4486-A8F2-AF69DB735723}.Release|x64.Build.0 = Release|Any CPU
		{560EF048-0D77-4486-A8F2-AF69DB735723}.Release|x86.ActiveCfg = Release|Any CPU
		{560EF048-0D77-4486-A8F2-AF69DB735723}.Release|x86.Build.0 = Release|Any CPU
		{DDCE1E81-96A8-4D2B-906D-34A645DD0115}.Debug|Any CPU.ActiveCfg = Debug|Any CPU
		{DDCE1E81-96A8-4D2B-906D-34A645DD0115}.Debug|Any CPU.Build.0 = Debug|Any CPU
		{DDCE1E81-96A8-4D2B-906D-34A645DD0115}.Debug|x64.ActiveCfg = Debug|Any CPU
		{DDCE1E81-96A8-4D2B-906D-34A645DD0115}.Debug|x64.Build.0 = Debug|Any CPU
		{DDCE1E81-96A8-4D2B-906D-34A645DD0115}.Debug|x86.ActiveCfg = Debug|Any CPU
		{DDCE1E81-96A8-4D2B-906D-34A645DD0115}.Debug|x86.Build.0 = Debug|Any CPU
		{DDCE1E81-96A8-4D2B-906D-34A645DD0115}.Release|Any CPU.ActiveCfg = Release|Any CPU
		{DDCE1E81-96A8-4D2B-906D-34A645DD0115}.Release|Any CPU.Build.0 = Release|Any CPU
		{DDCE1E81-96A8-4D2B-906D-34A645DD0115}.Release|x64.ActiveCfg = Release|Any CPU
		{DDCE1E81-96A8-4D2B-906D-34A645DD0115}.Release|x64.Build.0 = Release|Any CPU
		{DDCE1E81-96A8-4D2B-906D-34A645DD0115}.Release|x86.ActiveCfg = Release|Any CPU
		{DDCE1E81-96A8-4D2B-906D-34A645DD0115}.Release|x86.Build.0 = Release|Any CPU
		{14745C86-439B-4965-AD7F-4A493F9E3D83}.Debug|Any CPU.ActiveCfg = Debug|Any CPU
		{14745C86-439B-4965-AD7F-4A493F9E3D83}.Debug|Any CPU.Build.0 = Debug|Any CPU
		{14745C86-439B-4965-AD7F-4A493F9E3D83}.Debug|x64.ActiveCfg = Debug|Any CPU
		{14745C86-439B-4965-AD7F-4A493F9E3D83}.Debug|x64.Build.0 = Debug|Any CPU
		{14745C86-439B-4965-AD7F-4A493F9E3D83}.Debug|x86.ActiveCfg = Debug|Any CPU
		{14745C86-439B-4965-AD7F-4A493F9E3D83}.Debug|x86.Build.0 = Debug|Any CPU
		{14745C86-439B-4965-AD7F-4A493F9E3D83}.Release|Any CPU.ActiveCfg = Release|Any CPU
		{14745C86-439B-4965-AD7F-4A493F9E3D83}.Release|Any CPU.Build.0 = Release|Any CPU
		{14745C86-439B-4965-AD7F-4A493F9E3D83}.Release|x64.ActiveCfg = Release|Any CPU
		{14745C86-439B-4965-AD7F-4A493F9E3D83}.Release|x64.Build.0 = Release|Any CPU
		{14745C86-439B-4965-AD7F-4A493F9E3D83}.Release|x86.ActiveCfg = Release|Any CPU
		{14745C86-439B-4965-AD7F-4A493F9E3D83}.Release|x86.Build.0 = Release|Any CPU
	EndGlobalSection
	GlobalSection(NestedProjects) = preSolution
		{14745C86-439B-4965-AD7F-4A493F9E3D83} = {31C8FDC0-11E9-11EB-956A-C11CA5F21E6F}
		{DDCE1E81-96A8-4D2B-906D-34A645DD0115} = {4F46BC20-11E9-11EB-956A-C11CA5F21E6F}
		{ACC36B78-72DA-4B0A-806D-BC1111E78D4A} = {4F46BC20-11E9-11EB-956A-C11CA5F21E6F}
		{70AEA756-42AD-49C5-B77F-63912F2D734C} = {4F46BC20-11E9-11EB-956A-C11CA5F21E6F}
		{D97535FA-8733-4062-BF4A-923B8E302F0C} = {4F46BC20-11E9-11EB-956A-C11CA5F21E6F}
		{8CAD808B-71E1-44CE-8DAA-70BA147C7D20} = {31C8FDC0-11E9-11EB-956A-C11CA5F21E6F}
		{A2152B62-CED5-4F16-B0F5-34304F23EF3E} = {31C8FDC0-11E9-11EB-956A-C11CA5F21E6F}
		{EB659607-5CEE-4D0D-8282-C11A68BE3F6C} = {70AEA756-42AD-49C5-B77F-63912F2D734C}
		{5F218E77-C56A-461F-A69D-5DE74D7F6420} = {70AEA756-42AD-49C5-B77F-63912F2D734C}
		{DD23227C-5136-4513-9DE7-631691745356} = {ACC36B78-72DA-4B0A-806D-BC1111E78D4A}
		{560EF048-0D77-4486-A8F2-AF69DB735723} = {D97535FA-8733-4062-BF4A-923B8E302F0C}
	EndGlobalSection
EndGlobal
